
Microsoft Visual Studio Solution File, Format Version 12.00
# Visual Studio Version 17
VisualStudioVersion = 17.13.35931.197 d17.13
MinimumVisualStudioVersion = 10.0.40219.1
Project("{2150E333-8FDC-42A3-9474-1A3956D46DE8}") = "Core", "Core", "{02EA681E-C7D8-13C7-8484-4AC65E1B71E8}"
EndProject
Project("{2150E333-8FDC-42A3-9474-1A3956D46DE8}") = "Frontends", "Frontends", "{1B34D640-6168-4655-A07E-40F9FCDD1FA9}"
EndProject
Project("{2150E333-8FDC-42A3-9474-1A3956D46DE8}") = "Infrastructure", "Infrastructure", "{62CBC12F-4A6F-49E6-AA3F-9E62BB81C8A1}"
EndProject
Project("{2150E333-8FDC-42A3-9474-1A3956D46DE8}") = "Presentation", "Presentation", "{FF361CB5-AAD5-4CFF-BCC2-5694619424CA}"
EndProject
Project("{2150E333-8FDC-42A3-9474-1A3956D46DE8}") = "Requirements", "Requirements", "{BC481A82-2CD9-4CBF-8978-60B6A040ED6A}"
EndProject
Project("{FAE04EC0-301F-11D3-BF4B-00C04F79EFBC}") = "MovieApi.Domain", "Core\MovieApi.Domain\MovieApi.Domain.csproj", "{3D0F5262-F13B-419D-9A63-CF258F7A3D49}"
EndProject
Project("{FAE04EC0-301F-11D3-BF4B-00C04F79EFBC}") = "MovieApi.Persistance", "Infrastructure\MovieApi.Persistance\MovieApi.Persistance.csproj", "{19370910-08DF-4351-BEA5-372695E22E6C}"
EndProject
Global
	GlobalSection(SolutionConfigurationPlatforms) = preSolution
		Debug|Any CPU = Debug|Any CPU
		Release|Any CPU = Release|Any CPU
	EndGlobalSection
	GlobalSection(ProjectConfigurationPlatforms) = postSolution
		{3D0F5262-F13B-419D-9A63-CF258F7A3D49}.Debug|Any CPU.ActiveCfg = Debug|Any CPU
		{3D0F5262-F13B-419D-9A63-CF258F7A3D49}.Debug|Any CPU.Build.0 = Debug|Any CPU
		{3D0F5262-F13B-419D-9A63-CF258F7A3D49}.Release|Any CPU.ActiveCfg = Release|Any CPU
		{3D0F5262-F13B-419D-9A63-CF258F7A3D49}.Release|Any CPU.Build.0 = Release|Any CPU
		{19370910-08DF-4351-BEA5-372695E22E6C}.Debug|Any CPU.ActiveCfg = Debug|Any CPU
		{19370910-08DF-4351-BEA5-372695E22E6C}.Debug|Any CPU.Build.0 = Debug|Any CPU
		{19370910-08DF-4351-BEA5-372695E22E6C}.Release|Any CPU.ActiveCfg = Release|Any CPU
		{19370910-08DF-4351-BEA5-372695E22E6C}.Release|Any CPU.Build.0 = Release|Any CPU
	EndGlobalSection
	GlobalSection(SolutionProperties) = preSolution
		HideSolutionNode = FALSE
	EndGlobalSection
	GlobalSection(NestedProjects) = preSolution
		{3D0F5262-F13B-419D-9A63-CF258F7A3D49} = {02EA681E-C7D8-13C7-8484-4AC65E1B71E8}
		{19370910-08DF-4351-BEA5-372695E22E6C} = {62CBC12F-4A6F-49E6-AA3F-9E62BB81C8A1}
	EndGlobalSection
	GlobalSection(ExtensibilityGlobals) = postSolution
		SolutionGuid = {B9D22410-5D0F-42EF-A380-4E1128C43D35}
	EndGlobalSection
EndGlobal
